
Microsoft Visual Studio Solution File, Format Version 12.00
# Visual Studio Version 17
VisualStudioVersion = 17.7.34031.279
MinimumVisualStudioVersion = 10.0.40219.1
Project("{FAE04EC0-301F-11D3-BF4B-00C04F79EFBC}") = "WorkWithFile", "WorkWithFile.csproj", "{C6386385-AE35-4A20-A8C8-8C6B5D60533F}"
EndProject
Global
	GlobalSection(SolutionConfigurationPlatforms) = preSolution
		Debug|Any CPU = Debug|Any CPU
		Release|Any CPU = Release|Any CPU
	EndGlobalSection
	GlobalSection(ProjectConfigurationPlatforms) = postSolution
		{C6386385-AE35-4A20-A8C8-8C6B5D60533F}.Debug|Any CPU.ActiveCfg = Debug|Any CPU
		{C6386385-AE35-4A20-A8C8-8C6B5D60533F}.Debug|Any CPU.Build.0 = Debug|Any CPU
		{C6386385-AE35-4A20-A8C8-8C6B5D60533F}.Release|Any CPU.ActiveCfg = Release|Any CPU
		{C6386385-AE35-4A20-A8C8-8C6B5D60533F}.Release|Any CPU.Build.0 = Release|Any CPU
	EndGlobalSection
	GlobalSection(SolutionProperties) = preSolution
		HideSolutionNode = FALSE
	EndGlobalSection
	GlobalSection(ExtensibilityGlobals) = postSolution
		SolutionGuid = {2D5DE27B-7A90-49D1-BECF-45B52AB807D5}
	EndGlobalSection
EndGlobal
